
Microsoft Visual Studio Solution File, Format Version 12.00
# Visual Studio Version 17
VisualStudioVersion = 17.5.33414.496
MinimumVisualStudioVersion = 10.0.40219.1
Project("{9A19103F-16F7-4668-BE54-9A1E7A4F7556}") = "TemplateAPI", "TemplateAPI.csproj", "{DFB60888-4ED3-4255-B1C7-91EEE5159757}"
EndProject
Global
	GlobalSection(SolutionConfigurationPlatforms) = preSolution
		Debug|Any CPU = Debug|Any CPU
		Release|Any CPU = Release|Any CPU
	EndGlobalSection
	GlobalSection(ProjectConfigurationPlatforms) = postSolution
		{DFB60888-4ED3-4255-B1C7-91EEE5159757}.Debug|Any CPU.ActiveCfg = Debug|Any CPU
		{DFB60888-4ED3-4255-B1C7-91EEE5159757}.Debug|Any CPU.Build.0 = Debug|Any CPU
		{DFB60888-4ED3-4255-B1C7-91EEE5159757}.Release|Any CPU.ActiveCfg = Release|Any CPU
		{DFB60888-4ED3-4255-B1C7-91EEE5159757}.Release|Any CPU.Build.0 = Release|Any CPU
	EndGlobalSection
	GlobalSection(SolutionProperties) = preSolution
		HideSolutionNode = FALSE
	EndGlobalSection
	GlobalSection(ExtensibilityGlobals) = postSolution
		SolutionGuid = {420365FF-005F-4751-97FE-ACB6E7DC33ED}
	EndGlobalSection
EndGlobal
